
Microsoft Visual Studio Solution File, Format Version 12.00
# Visual Studio Version 16
VisualStudioVersion = 16.0.31321.278
MinimumVisualStudioVersion = 10.0.40219.1
Project("{FAE04EC0-301F-11D3-BF4B-00C04F79EFBC}") = "GitConsole", "GitConsole\GitConsole.csproj", "{BBC4C789-D7C6-46B1-93AA-4C68C36B652A}"
EndProject
Global
	GlobalSection(SolutionConfigurationPlatforms) = preSolution
		Debug|Any CPU = Debug|Any CPU
		Release|Any CPU = Release|Any CPU
	EndGlobalSection
	GlobalSection(ProjectConfigurationPlatforms) = postSolution
		{BBC4C789-D7C6-46B1-93AA-4C68C36B652A}.Debug|Any CPU.ActiveCfg = Debug|Any CPU
		{BBC4C789-D7C6-46B1-93AA-4C68C36B652A}.Debug|Any CPU.Build.0 = Debug|Any CPU
		{BBC4C789-D7C6-46B1-93AA-4C68C36B652A}.Release|Any CPU.ActiveCfg = Release|Any CPU
		{BBC4C789-D7C6-46B1-93AA-4C68C36B652A}.Release|Any CPU.Build.0 = Release|Any CPU
	EndGlobalSection
	GlobalSection(SolutionProperties) = preSolution
		HideSolutionNode = FALSE
	EndGlobalSection
	GlobalSection(ExtensibilityGlobals) = postSolution
		SolutionGuid = {05454DE2-4E90-4A89-A2C2-D5F1F7E83ED8}
	EndGlobalSection
EndGlobal
